{
  "version": "5",
  "remote": {
    "https://edge.netlify.com/": "fd941d61d88673d5f28aab283fb86fcc50f08a3bc80ee5470498fcfa88c65cfb",
    "https://edge.netlify.com/bootstrap/config.ts": "6a2ce0e544e15e8f8883a5c18da5948e37fd0f2619f68cb31f3af53c51817025",
    "https://edge.netlify.com/bootstrap/context.ts": "2260177df4a7d692f31177ccbf2de969cd8db1269c564a45517d6e47fd7d248f",
    "https://edge.netlify.com/bootstrap/cookie.ts": "8b0baae708989ca183c6f3b4ab3d029e6abcbc2e43f93edeb0ff447b3bbc3a05",
    "https://edge.netlify.com/bootstrap/edge_function.ts": "b8253e86aa83c67341f5cfedeba5049d77fbf84dcab7eceff7566b7728ae9b39",
    "https://edge.netlify.com/bootstrap/globals/types.ts": "eaa6148ded3121d8dee62dd91c86e7fe76601df0f3ca8d7962243a30f4c8935f"
  },
  "workspace": {
    "packageJson": {
      "dependencies": [
        "npm:@popperjs/core@^2.11.6",
        "npm:@sveltejs/vite-plugin-svelte@^1.1.0",
        "npm:bootstrap@^5.2.3",
        "npm:sass@^1.56.2",
        "npm:simple-oauth2@5",
        "npm:svelte@^3.52.0",
        "npm:sveltestrap@^5.10.0",
        "npm:url@0.11",
        "npm:vite@^3.2.3",
        "npm:ynab@^1.32.0"
      ]
    }
  }
}
